github.com/davecgh/go-spew v1.1.1 h1:vj9j/u1bqnvCEfJOwUhtlOARqs3+rkHYY13jYWTU97c=
github.com/davecgh/go-spew v1.1.1/go.mod h1:J7Y8YcW2NihsgmVo/mv3lAwl/skON4iLHjSsI+c5H38=
github.com/go-flexible/flex v0.0.0-20210612111433-2077dffeb9b2 h1:HJ7/Uyi5rrVrlO9KhxVBZNrSGe/YCmUsrf+8xRU7v60=
github.com/go-flexible/flex v0.0.0-20210612111433-2077dffeb9b2/go.mod h1:p9CYclvvjSt04xkEW4lka3t0Is1xEicNyY+H/AdZwQI=
